
Microsoft Visual Studio Solution File, Format Version 12.00
# Visual Studio Version 16
VisualStudioVersion = 16.0.810.6
MinimumVisualStudioVersion = 10.0.40219.1
Project("{FAE04EC0-301F-11D3-BF4B-00C04F79EFBC}") = "magazine", "magazine\magazine.csproj", "{CAEFB7B5-1B99-45BC-AC5E-7E4BE1BE4EFA}"
EndProject
Global
	GlobalSection(SolutionConfigurationPlatforms) = preSolution
		Debug|Any CPU = Debug|Any CPU
		Release|Any CPU = Release|Any CPU
	EndGlobalSection
	GlobalSection(ProjectConfigurationPlatforms) = postSolution
		{CAEFB7B5-1B99-45BC-AC5E-7E4BE1BE4EFA}.Debug|Any CPU.ActiveCfg = Debug|Any CPU
		{CAEFB7B5-1B99-45BC-AC5E-7E4BE1BE4EFA}.Debug|Any CPU.Build.0 = Debug|Any CPU
		{CAEFB7B5-1B99-45BC-AC5E-7E4BE1BE4EFA}.Release|Any CPU.ActiveCfg = Release|Any CPU
		{CAEFB7B5-1B99-45BC-AC5E-7E4BE1BE4EFA}.Release|Any CPU.Build.0 = Release|Any CPU
	EndGlobalSection
	GlobalSection(SolutionProperties) = preSolution
		HideSolutionNode = FALSE
	EndGlobalSection
	GlobalSection(ExtensibilityGlobals) = postSolution
		SolutionGuid = {653BBB1D-6C50-4C8E-8384-CF804EA7DEA8}
	EndGlobalSection
EndGlobal
